
Microsoft Visual Studio Solution File, Format Version 12.00
# Visual Studio Version 16
VisualStudioVersion = 16.0.31019.35
MinimumVisualStudioVersion = 10.0.40219.1
Project("{FAE04EC0-301F-11D3-BF4B-00C04F79EFBC}") = "Lessons", "Lessons.csproj", "{F32DF58E-721D-4B66-9739-01443E18EC28}"
EndProject
Global
	GlobalSection(SolutionConfigurationPlatforms) = preSolution
		Debug|Any CPU = Debug|Any CPU
		Release|Any CPU = Release|Any CPU
	EndGlobalSection
	GlobalSection(ProjectConfigurationPlatforms) = postSolution
		{F32DF58E-721D-4B66-9739-01443E18EC28}.Debug|Any CPU.ActiveCfg = Debug|Any CPU
		{F32DF58E-721D-4B66-9739-01443E18EC28}.Debug|Any CPU.Build.0 = Debug|Any CPU
		{F32DF58E-721D-4B66-9739-01443E18EC28}.Release|Any CPU.ActiveCfg = Release|Any CPU
		{F32DF58E-721D-4B66-9739-01443E18EC28}.Release|Any CPU.Build.0 = Release|Any CPU
	EndGlobalSection
	GlobalSection(SolutionProperties) = preSolution
		HideSolutionNode = FALSE
	EndGlobalSection
	GlobalSection(ExtensibilityGlobals) = postSolution
		SolutionGuid = {08391FD7-F2F7-421C-A193-CB0CC33AE963}
	EndGlobalSection
EndGlobal
